
Microsoft Visual Studio Solution File, Format Version 12.00
# Visual Studio Version 16
VisualStudioVersion = 16.0.31205.134
MinimumVisualStudioVersion = 10.0.40219.1
Project("{9A19103F-16F7-4668-BE54-9A1E7A4F7556}") = "FitnessCenter.AspNetCore", "FitnessCenter.AspNetCore\FitnessCenter.AspNetCore.csproj", "{41D82029-40D8-4018-9808-3CFA37CFCCC7}"
EndProject
Project("{9A19103F-16F7-4668-BE54-9A1E7A4F7556}") = "FitnessCenter.Model", "FitnessCenter.Model\FitnessCenter.Model.csproj", "{DEB62368-00AF-4503-8661-E712E8276583}"
EndProject
Project("{2150E333-8FDC-42A3-9474-1A3956D46DE8}") = "DevExtreme NuGet.config", "DevExtreme NuGet.config", "{406A886C-936F-414D-A97D-7335EE38C64D}"
	ProjectSection(SolutionItems) = preProject
		NuGet.config = NuGet.config
	EndProjectSection
EndProject
Global
	GlobalSection(SolutionConfigurationPlatforms) = preSolution
		Debug|Any CPU = Debug|Any CPU
		Release|Any CPU = Release|Any CPU
	EndGlobalSection
	GlobalSection(ProjectConfigurationPlatforms) = postSolution
		{41D82029-40D8-4018-9808-3CFA37CFCCC7}.Debug|Any CPU.ActiveCfg = Debug|Any CPU
		{41D82029-40D8-4018-9808-3CFA37CFCCC7}.Debug|Any CPU.Build.0 = Debug|Any CPU
		{41D82029-40D8-4018-9808-3CFA37CFCCC7}.Release|Any CPU.ActiveCfg = Release|Any CPU
		{41D82029-40D8-4018-9808-3CFA37CFCCC7}.Release|Any CPU.Build.0 = Release|Any CPU
		{DEB62368-00AF-4503-8661-E712E8276583}.Debug|Any CPU.ActiveCfg = Debug|Any CPU
		{DEB62368-00AF-4503-8661-E712E8276583}.Debug|Any CPU.Build.0 = Debug|Any CPU
		{DEB62368-00AF-4503-8661-E712E8276583}.Release|Any CPU.ActiveCfg = Release|Any CPU
		{DEB62368-00AF-4503-8661-E712E8276583}.Release|Any CPU.Build.0 = Release|Any CPU
	EndGlobalSection
	GlobalSection(SolutionProperties) = preSolution
		HideSolutionNode = FALSE
	EndGlobalSection
	GlobalSection(ExtensibilityGlobals) = postSolution
		SolutionGuid = {1995A455-0668-48BF-ABDD-2EF3E2B7AA5C}
	EndGlobalSection
EndGlobal
